
Microsoft Visual Studio Solution File, Format Version 12.00
# Visual Studio Version 17
VisualStudioVersion = 17.7.34031.279
MinimumVisualStudioVersion = 10.0.40219.1
Project("{FAE04EC0-301F-11D3-BF4B-00C04F79EFBC}") = "DSCC_MVC_00012071", "DSCC_MVC_00012071\DSCC_MVC_00012071.csproj", "{FB388C47-FB14-4B27-97A8-1D7940A03A3E}"
EndProject
Global
	GlobalSection(SolutionConfigurationPlatforms) = preSolution
		Debug|Any CPU = Debug|Any CPU
		Release|Any CPU = Release|Any CPU
	EndGlobalSection
	GlobalSection(ProjectConfigurationPlatforms) = postSolution
		{FB388C47-FB14-4B27-97A8-1D7940A03A3E}.Debug|Any CPU.ActiveCfg = Debug|Any CPU
		{FB388C47-FB14-4B27-97A8-1D7940A03A3E}.Debug|Any CPU.Build.0 = Debug|Any CPU
		{FB388C47-FB14-4B27-97A8-1D7940A03A3E}.Release|Any CPU.ActiveCfg = Release|Any CPU
		{FB388C47-FB14-4B27-97A8-1D7940A03A3E}.Release|Any CPU.Build.0 = Release|Any CPU
	EndGlobalSection
	GlobalSection(SolutionProperties) = preSolution
		HideSolutionNode = FALSE
	EndGlobalSection
	GlobalSection(ExtensibilityGlobals) = postSolution
		SolutionGuid = {50B07896-2309-491C-92B0-F440046CEC12}
	EndGlobalSection
EndGlobal
